
Microsoft Visual Studio Solution File, Format Version 12.00
# Visual Studio Version 16
VisualStudioVersion = 16.0.29709.97
MinimumVisualStudioVersion = 10.0.40219.1
Project("{888888A0-9F3D-457C-B088-3A5042F75D52}") = "GenAlg13", "GenAlg13\GenAlg13.pyproj", "{FECDFFBA-24B2-4FCC-8FBE-F13C83C3E914}"
EndProject
Global
	GlobalSection(SolutionConfigurationPlatforms) = preSolution
		Debug|Any CPU = Debug|Any CPU
		Release|Any CPU = Release|Any CPU
	EndGlobalSection
	GlobalSection(ProjectConfigurationPlatforms) = postSolution
		{FECDFFBA-24B2-4FCC-8FBE-F13C83C3E914}.Debug|Any CPU.ActiveCfg = Debug|Any CPU
		{FECDFFBA-24B2-4FCC-8FBE-F13C83C3E914}.Release|Any CPU.ActiveCfg = Release|Any CPU
	EndGlobalSection
	GlobalSection(SolutionProperties) = preSolution
		HideSolutionNode = FALSE
	EndGlobalSection
	GlobalSection(ExtensibilityGlobals) = postSolution
		SolutionGuid = {6F6BA55D-46C0-4F17-BAFF-7B41A389BFEE}
	EndGlobalSection
EndGlobal
